
Microsoft Visual Studio Solution File, Format Version 12.00
# Visual Studio Version 17
VisualStudioVersion = 17.4.33213.308
MinimumVisualStudioVersion = 10.0.40219.1
Project("{FAE04EC0-301F-11D3-BF4B-00C04F79EFBC}") = "KlebertsWebshop.Server", "KlebertsWebshop\Server\KlebertsWebshop.Server.csproj", "{0D4C8EAB-6220-4252-B72D-7B9CE026E088}"
EndProject
Project("{FAE04EC0-301F-11D3-BF4B-00C04F79EFBC}") = "KlebertsWebshop.Client", "KlebertsWebshop\Client\KlebertsWebshop.Client.csproj", "{9E23310F-7F53-47BE-8DD5-D27AADE4A0EB}"
EndProject
Project("{FAE04EC0-301F-11D3-BF4B-00C04F79EFBC}") = "KlebertsWebshop.Shared", "KlebertsWebshop\Shared\KlebertsWebshop.Shared.csproj", "{4D907935-1E0C-4449-90C8-CF870D70860F}"
EndProject
Global
	GlobalSection(SolutionConfigurationPlatforms) = preSolution
		Debug|Any CPU = Debug|Any CPU
		Release|Any CPU = Release|Any CPU
	EndGlobalSection
	GlobalSection(ProjectConfigurationPlatforms) = postSolution
		{0D4C8EAB-6220-4252-B72D-7B9CE026E088}.Debug|Any CPU.ActiveCfg = Debug|Any CPU
		{0D4C8EAB-6220-4252-B72D-7B9CE026E088}.Debug|Any CPU.Build.0 = Debug|Any CPU
		{0D4C8EAB-6220-4252-B72D-7B9CE026E088}.Release|Any CPU.ActiveCfg = Release|Any CPU
		{0D4C8EAB-6220-4252-B72D-7B9CE026E088}.Release|Any CPU.Build.0 = Release|Any CPU
		{9E23310F-7F53-47BE-8DD5-D27AADE4A0EB}.Debug|Any CPU.ActiveCfg = Debug|Any CPU
		{9E23310F-7F53-47BE-8DD5-D27AADE4A0EB}.Debug|Any CPU.Build.0 = Debug|Any CPU
		{9E23310F-7F53-47BE-8DD5-D27AADE4A0EB}.Release|Any CPU.ActiveCfg = Release|Any CPU
		{9E23310F-7F53-47BE-8DD5-D27AADE4A0EB}.Release|Any CPU.Build.0 = Release|Any CPU
		{4D907935-1E0C-4449-90C8-CF870D70860F}.Debug|Any CPU.ActiveCfg = Debug|Any CPU
		{4D907935-1E0C-4449-90C8-CF870D70860F}.Debug|Any CPU.Build.0 = Debug|Any CPU
		{4D907935-1E0C-4449-90C8-CF870D70860F}.Release|Any CPU.ActiveCfg = Release|Any CPU
		{4D907935-1E0C-4449-90C8-CF870D70860F}.Release|Any CPU.Build.0 = Release|Any CPU
	EndGlobalSection
	GlobalSection(SolutionProperties) = preSolution
		HideSolutionNode = FALSE
	EndGlobalSection
	GlobalSection(ExtensibilityGlobals) = postSolution
		SolutionGuid = {DF65744F-865B-4B7F-978B-2A169424544F}
	EndGlobalSection
EndGlobal
